
Microsoft Visual Studio Solution File, Format Version 12.00
Project("{FAE04EC0-301F-11D3-BF4B-00C04F79EFBC}") = "Common", "Common\Common.csproj", "{B4925EE4-0A8E-4E54-826C-31B5C19B691F}"
EndProject
Project("{FAE04EC0-301F-11D3-BF4B-00C04F79EFBC}") = "StandardQueue", "StandardQueue\StandardQueue.csproj", "{8561E398-CA51-427E-B1F0-098A704709BC}"
EndProject
Project("{FAE04EC0-301F-11D3-BF4B-00C04F79EFBC}") = "WorkerQueueConsumer", "WorkerQueueConsumer\WorkerQueueConsumer.csproj", "{3B081AF2-19DE-4007-BD70-A23D1C05DEC9}"
EndProject
Project("{FAE04EC0-301F-11D3-BF4B-00C04F79EFBC}") = "WorkerQueueProducer", "WorkerQueueProducer\WorkerQueueProducer.csproj", "{47485DD0-FCE3-4F07-A686-21642DB3C1F4}"
EndProject
Project("{FAE04EC0-301F-11D3-BF4B-00C04F79EFBC}") = "PublisherSubscribePublisher", "PublisherSubscribePublisher\PublisherSubscribePublisher.csproj", "{0182DEBC-2313-45DD-8D8B-92D86BB3BC38}"
EndProject
Project("{FAE04EC0-301F-11D3-BF4B-00C04F79EFBC}") = "PublisheSubscribeSubscriber", "PublisheSubscribeSubscriber\PublisheSubscribeSubscriber.csproj", "{EA4873BC-DAD9-43DF-8E14-50BC3BB02900}"
EndProject
Global
	GlobalSection(SolutionConfigurationPlatforms) = preSolution
		Debug|Any CPU = Debug|Any CPU
		Release|Any CPU = Release|Any CPU
	EndGlobalSection
	GlobalSection(ProjectConfigurationPlatforms) = postSolution
		{B4925EE4-0A8E-4E54-826C-31B5C19B691F}.Debug|Any CPU.ActiveCfg = Debug|Any CPU
		{B4925EE4-0A8E-4E54-826C-31B5C19B691F}.Debug|Any CPU.Build.0 = Debug|Any CPU
		{B4925EE4-0A8E-4E54-826C-31B5C19B691F}.Release|Any CPU.ActiveCfg = Release|Any CPU
		{B4925EE4-0A8E-4E54-826C-31B5C19B691F}.Release|Any CPU.Build.0 = Release|Any CPU
		{8561E398-CA51-427E-B1F0-098A704709BC}.Debug|Any CPU.ActiveCfg = Debug|Any CPU
		{8561E398-CA51-427E-B1F0-098A704709BC}.Debug|Any CPU.Build.0 = Debug|Any CPU
		{8561E398-CA51-427E-B1F0-098A704709BC}.Release|Any CPU.ActiveCfg = Release|Any CPU
		{8561E398-CA51-427E-B1F0-098A704709BC}.Release|Any CPU.Build.0 = Release|Any CPU
		{3B081AF2-19DE-4007-BD70-A23D1C05DEC9}.Debug|Any CPU.ActiveCfg = Debug|Any CPU
		{3B081AF2-19DE-4007-BD70-A23D1C05DEC9}.Debug|Any CPU.Build.0 = Debug|Any CPU
		{3B081AF2-19DE-4007-BD70-A23D1C05DEC9}.Release|Any CPU.ActiveCfg = Release|Any CPU
		{3B081AF2-19DE-4007-BD70-A23D1C05DEC9}.Release|Any CPU.Build.0 = Release|Any CPU
		{47485DD0-FCE3-4F07-A686-21642DB3C1F4}.Debug|Any CPU.ActiveCfg = Debug|Any CPU
		{47485DD0-FCE3-4F07-A686-21642DB3C1F4}.Debug|Any CPU.Build.0 = Debug|Any CPU
		{47485DD0-FCE3-4F07-A686-21642DB3C1F4}.Release|Any CPU.ActiveCfg = Release|Any CPU
		{47485DD0-FCE3-4F07-A686-21642DB3C1F4}.Release|Any CPU.Build.0 = Release|Any CPU
		{0182DEBC-2313-45DD-8D8B-92D86BB3BC38}.Debug|Any CPU.ActiveCfg = Debug|Any CPU
		{0182DEBC-2313-45DD-8D8B-92D86BB3BC38}.Debug|Any CPU.Build.0 = Debug|Any CPU
		{0182DEBC-2313-45DD-8D8B-92D86BB3BC38}.Release|Any CPU.ActiveCfg = Release|Any CPU
		{0182DEBC-2313-45DD-8D8B-92D86BB3BC38}.Release|Any CPU.Build.0 = Release|Any CPU
		{EA4873BC-DAD9-43DF-8E14-50BC3BB02900}.Debug|Any CPU.ActiveCfg = Debug|Any CPU
		{EA4873BC-DAD9-43DF-8E14-50BC3BB02900}.Debug|Any CPU.Build.0 = Debug|Any CPU
		{EA4873BC-DAD9-43DF-8E14-50BC3BB02900}.Release|Any CPU.ActiveCfg = Release|Any CPU
		{EA4873BC-DAD9-43DF-8E14-50BC3BB02900}.Release|Any CPU.Build.0 = Release|Any CPU
	EndGlobalSection
EndGlobal
